{
  "nodes": {
    "confutils-master": {
      "inputs": {
        "flakeNimbleLib": [
          "flakeNimbleLib"
        ],
        "nixpkgs": [
          "nixpkgs"
        ],
        "src-confutils-master": "src-confutils-master",
        "stew": "stew"
      },
      "locked": {
        "dir": "master",
        "lastModified": 1658018788,
        "narHash": "sha256-cv9oGMS7GRZCH651c7GFJCKtC4zGYDSQNJ5Hklp68HU=",
        "owner": "nim-nix-pkgs",
        "repo": "confutils",
        "rev": "508e0931c0c9e3d328d55ab5403bf4c3a85e9132",
        "type": "github"
      },
      "original": {
        "dir": "master",
        "owner": "nim-nix-pkgs",
        "ref": "master",
        "repo": "confutils",
        "type": "github"
      }
    },
    "flakeNimbleLib": {
      "inputs": {
        "nixpkgs": [
          "nixpkgs"
        ]
      },
      "locked": {
        "lastModified": 1648105061,
        "narHash": "sha256-Je25qNlH4xrH3+m6vIq6yPvdfQ80FRTwX4JOhrRLduc=",
        "owner": "riinr",
        "repo": "nim-flakes-lib",
        "rev": "f1ec5e2f15b9f717c33b6942ce7cb344ff868522",
        "type": "github"
      },
      "original": {
        "owner": "riinr",
        "ref": "master",
        "repo": "nim-flakes-lib",
        "type": "github"
      }
    },
    "nixpkgs": {
      "locked": {
        "lastModified": 0,
        "narHash": "sha256-BBeCZwZImtjP3oYy4WogkQYy5OxNyfNciVSc1AfZgLQ=",
        "path": "/nix/store/z8fi1f38y14lmsyhnph1l98qr3r9x7wr-source",
        "type": "path"
      },
      "original": {
        "id": "nixpkgs",
        "type": "indirect"
      }
    },
    "root": {
      "inputs": {
        "confutils-master": "confutils-master",
        "flakeNimbleLib": "flakeNimbleLib",
        "nixpkgs": "nixpkgs"
      }
    },
    "src-confutils-master": {
      "flake": false,
      "locked": {
        "lastModified": 1657658025,
        "narHash": "sha256-fBP7djkUp9/oeR3++wtMYR9xg4IopY2LudrmkdrdMWc=",
        "owner": "status-im",
        "repo": "nim-confutils",
        "rev": "40c6f0b378a34d4812e410e9d6762e21f059de4c",
        "type": "github"
      },
      "original": {
        "owner": "status-im",
        "ref": "refs/heads/master",
        "repo": "nim-confutils",
        "type": "github"
      }
    },
    "src-stew-master": {
      "flake": false,
      "locked": {
        "lastModified": 1657991771,
        "narHash": "sha256-RZnenro1b29z6djs20LMsOu6dZVpNJs69sFAAvWJoeE=",
        "owner": "status-im",
        "repo": "nim-stew",
        "rev": "9a3130eb5b76c6504d6e6f8f86556c34f70300ef",
        "type": "github"
      },
      "original": {
        "owner": "status-im",
        "ref": "refs/heads/master",
        "repo": "nim-stew",
        "type": "github"
      }
    },
    "stew": {
      "inputs": {
        "flakeNimbleLib": [
          "confutils-master",
          "flakeNimbleLib"
        ],
        "nixpkgs": [
          "confutils-master",
          "nixpkgs"
        ],
        "src-stew-master": "src-stew-master"
      },
      "locked": {
        "dir": "master",
        "lastModified": 1658018290,
        "narHash": "sha256-MPgv/7iwt5WqEVTejBpTmV1Cszqr/amfVRs2omjeqD4=",
        "owner": "nim-nix-pkgs",
        "repo": "stew",
        "rev": "0915ef284846f71492453cb4935afb73e326f18b",
        "type": "github"
      },
      "original": {
        "dir": "master",
        "owner": "nim-nix-pkgs",
        "ref": "master",
        "repo": "stew",
        "type": "github"
      }
    }
  },
  "root": "root",
  "version": 7
}
