{
  "nodes": {
    "confutils-master": {
      "inputs": {
        "flakeNimbleLib": [
          "flakeNimbleLib"
        ],
        "nixpkgs": [
          "nixpkgs"
        ],
        "src-confutils-master": "src-confutils-master",
        "stew": "stew"
      },
      "locked": {
        "dir": "master",
        "lastModified": 1652798601,
        "narHash": "sha256-f/AFyCBRMyVAPHBAMegv1+GuES9nCMJ2Zwj2BLuAQfU=",
        "owner": "nim-nix-pkgs",
        "repo": "confutils",
        "rev": "d3c94b47fe78fc382b3309388ec65f708dc77fe4",
        "type": "github"
      },
      "original": {
        "dir": "master",
        "owner": "nim-nix-pkgs",
        "ref": "master",
        "repo": "confutils",
        "type": "github"
      }
    },
    "flakeNimbleLib": {
      "inputs": {
        "nixpkgs": [
          "nixpkgs"
        ]
      },
      "locked": {
        "lastModified": 1648105061,
        "narHash": "sha256-Je25qNlH4xrH3+m6vIq6yPvdfQ80FRTwX4JOhrRLduc=",
        "owner": "riinr",
        "repo": "nim-flakes-lib",
        "rev": "f1ec5e2f15b9f717c33b6942ce7cb344ff868522",
        "type": "github"
      },
      "original": {
        "owner": "riinr",
        "ref": "master",
        "repo": "nim-flakes-lib",
        "type": "github"
      }
    },
    "nixpkgs": {
      "locked": {
        "narHash": "sha256-7sWpWRO0IsBP5jm9qCrpuzDkWC7UAghiCmZZ+1uqHKo=",
        "path": "/nix/store/q2jrkx5a3z6yxzbfai0kxpnqki80jm3l-source",
        "type": "path"
      },
      "original": {
        "id": "nixpkgs",
        "type": "indirect"
      }
    },
    "root": {
      "inputs": {
        "confutils-master": "confutils-master",
        "flakeNimbleLib": "flakeNimbleLib",
        "nixpkgs": "nixpkgs"
      }
    },
    "src-confutils-master": {
      "flake": false,
      "locked": {
        "lastModified": 1652159886,
        "narHash": "sha256-NOkd1AiK1AhdlJVpzBtg5nL/K2b8HyiEqStdKDLsxLk=",
        "owner": "status-im",
        "repo": "nim-confutils",
        "rev": "d06f6187dca702ad884b9b948f52b26bf6596765",
        "type": "github"
      },
      "original": {
        "owner": "status-im",
        "ref": "refs/heads/master",
        "repo": "nim-confutils",
        "type": "github"
      }
    },
    "src-stew-master": {
      "flake": false,
      "locked": {
        "lastModified": 1648728270,
        "narHash": "sha256-Nv9hz5vWr5ziMRuQ+H79j23fhA9kLQiaSpwP/WO0eOc=",
        "owner": "status-im",
        "repo": "nim-stew",
        "rev": "cdb1f213d073fd2ecbdaf35a866417657da9294c",
        "type": "github"
      },
      "original": {
        "owner": "status-im",
        "ref": "refs/heads/master",
        "repo": "nim-stew",
        "type": "github"
      }
    },
    "stew": {
      "inputs": {
        "flakeNimbleLib": [
          "confutils-master",
          "flakeNimbleLib"
        ],
        "nixpkgs": [
          "confutils-master",
          "nixpkgs"
        ],
        "src-stew-master": "src-stew-master"
      },
      "locked": {
        "dir": "master",
        "lastModified": 1652797804,
        "narHash": "sha256-+U2GABj3H4C79MnEeDKx7w6c+j+kR+pBxamnqS+BOlk=",
        "owner": "nim-nix-pkgs",
        "repo": "stew",
        "rev": "ddac9ee24e751a56b8123e3770f3ed37b14f7591",
        "type": "github"
      },
      "original": {
        "dir": "master",
        "owner": "nim-nix-pkgs",
        "ref": "master",
        "repo": "stew",
        "type": "github"
      }
    }
  },
  "root": "root",
  "version": 7
}
